
Microsoft Visual Studio Solution File, Format Version 12.00
# Visual Studio Version 16
VisualStudioVersion = 16.0.29411.138
MinimumVisualStudioVersion = 10.0.40219.1
Project("{6EC3EE1D-3C4E-46DD-8F32-0CC8E7565705}") = "EfSharpAttempts", "EfSharpAttempts\EfSharpAttempts.fsproj", "{70708E0A-2E5A-4D6C-8EDA-6CE1EBCF3DEE}"
EndProject
Project("{FAE04EC0-301F-11D3-BF4B-00C04F79EFBC}") = "SimpleAlgorithms", "SimpleAlgorithms\SimpleAlgorithms.csproj", "{3756D29F-F5D7-45DB-B680-A5EBB9A1D1D0}"
EndProject
Project("{FAE04EC0-301F-11D3-BF4B-00C04F79EFBC}") = "Multithreading", "Multithreading\Multithreading.csproj", "{B38875E8-7929-418D-B3AD-F0FD73375BA5}"
EndProject
Project("{2150E333-8FDC-42A3-9474-1A3956D46DE8}") = "AI", "AI", "{1801C16D-FE7C-46B1-A013-C2BD7A2D789A}"
EndProject
Project("{FAE04EC0-301F-11D3-BF4B-00C04F79EFBC}") = "NeuralNetwork", "NeuralNetwork\NeuralNetwork.csproj", "{2C724788-E97C-402C-B633-42009BA44A35}"
EndProject
Project("{FAE04EC0-301F-11D3-BF4B-00C04F79EFBC}") = "CSharpFeatures", "CSharpFeatures\CSharpFeatures.csproj", "{6A82ECB6-CBDB-4F5C-B29A-ABAAC5DFCFE0}"
EndProject
Project("{FAE04EC0-301F-11D3-BF4B-00C04F79EFBC}") = "CleverSnippets", "CleverSnippets\CleverSnippets.csproj", "{52F31002-D321-45AD-B325-558D14C84755}"
EndProject
Global
	GlobalSection(SolutionConfigurationPlatforms) = preSolution
		Debug|Any CPU = Debug|Any CPU
		Release|Any CPU = Release|Any CPU
	EndGlobalSection
	GlobalSection(ProjectConfigurationPlatforms) = postSolution
		{70708E0A-2E5A-4D6C-8EDA-6CE1EBCF3DEE}.Debug|Any CPU.ActiveCfg = Debug|Any CPU
		{70708E0A-2E5A-4D6C-8EDA-6CE1EBCF3DEE}.Debug|Any CPU.Build.0 = Debug|Any CPU
		{70708E0A-2E5A-4D6C-8EDA-6CE1EBCF3DEE}.Release|Any CPU.ActiveCfg = Release|Any CPU
		{70708E0A-2E5A-4D6C-8EDA-6CE1EBCF3DEE}.Release|Any CPU.Build.0 = Release|Any CPU
		{3756D29F-F5D7-45DB-B680-A5EBB9A1D1D0}.Debug|Any CPU.ActiveCfg = Debug|Any CPU
		{3756D29F-F5D7-45DB-B680-A5EBB9A1D1D0}.Debug|Any CPU.Build.0 = Debug|Any CPU
		{3756D29F-F5D7-45DB-B680-A5EBB9A1D1D0}.Release|Any CPU.ActiveCfg = Release|Any CPU
		{3756D29F-F5D7-45DB-B680-A5EBB9A1D1D0}.Release|Any CPU.Build.0 = Release|Any CPU
		{B38875E8-7929-418D-B3AD-F0FD73375BA5}.Debug|Any CPU.ActiveCfg = Debug|Any CPU
		{B38875E8-7929-418D-B3AD-F0FD73375BA5}.Debug|Any CPU.Build.0 = Debug|Any CPU
		{B38875E8-7929-418D-B3AD-F0FD73375BA5}.Release|Any CPU.ActiveCfg = Release|Any CPU
		{B38875E8-7929-418D-B3AD-F0FD73375BA5}.Release|Any CPU.Build.0 = Release|Any CPU
		{2C724788-E97C-402C-B633-42009BA44A35}.Debug|Any CPU.ActiveCfg = Debug|Any CPU
		{2C724788-E97C-402C-B633-42009BA44A35}.Debug|Any CPU.Build.0 = Debug|Any CPU
		{2C724788-E97C-402C-B633-42009BA44A35}.Release|Any CPU.ActiveCfg = Release|Any CPU
		{2C724788-E97C-402C-B633-42009BA44A35}.Release|Any CPU.Build.0 = Release|Any CPU
		{6A82ECB6-CBDB-4F5C-B29A-ABAAC5DFCFE0}.Debug|Any CPU.ActiveCfg = Debug|Any CPU
		{6A82ECB6-CBDB-4F5C-B29A-ABAAC5DFCFE0}.Debug|Any CPU.Build.0 = Debug|Any CPU
		{6A82ECB6-CBDB-4F5C-B29A-ABAAC5DFCFE0}.Release|Any CPU.ActiveCfg = Release|Any CPU
		{6A82ECB6-CBDB-4F5C-B29A-ABAAC5DFCFE0}.Release|Any CPU.Build.0 = Release|Any CPU
		{52F31002-D321-45AD-B325-558D14C84755}.Debug|Any CPU.ActiveCfg = Debug|Any CPU
		{52F31002-D321-45AD-B325-558D14C84755}.Debug|Any CPU.Build.0 = Debug|Any CPU
		{52F31002-D321-45AD-B325-558D14C84755}.Release|Any CPU.ActiveCfg = Release|Any CPU
		{52F31002-D321-45AD-B325-558D14C84755}.Release|Any CPU.Build.0 = Release|Any CPU
	EndGlobalSection
	GlobalSection(SolutionProperties) = preSolution
		HideSolutionNode = FALSE
	EndGlobalSection
	GlobalSection(ExtensibilityGlobals) = postSolution
		SolutionGuid = {6BB3B2DD-35BB-40AE-84A8-BED232E8D7FF}
	EndGlobalSection
	GlobalSection(NestedProjects) = preSolution
		{2C724788-E97C-402C-B633-42009BA44A35} = {1801C16D-FE7C-46B1-A013-C2BD7A2D789A}
	EndGlobalSection
EndGlobal
