
Microsoft Visual Studio Solution File, Format Version 12.00
# Visual Studio Version 16
VisualStudioVersion = 16.0.29411.138
MinimumVisualStudioVersion = 10.0.40219.1
Project("{6EC3EE1D-3C4E-46DD-8F32-0CC8E7565705}") = "EfSharpAttempts", "EfSharpAttempts\EfSharpAttempts.fsproj", "{70708E0A-2E5A-4D6C-8EDA-6CE1EBCF3DEE}"
EndProject
Project("{FAE04EC0-301F-11D3-BF4B-00C04F79EFBC}") = "SimpleAlgorithms", "SimpleAlgorithms\SimpleAlgorithms.csproj", "{3756D29F-F5D7-45DB-B680-A5EBB9A1D1D0}"
EndProject
Global
	GlobalSection(SolutionConfigurationPlatforms) = preSolution
		Debug|Any CPU = Debug|Any CPU
		Release|Any CPU = Release|Any CPU
	EndGlobalSection
	GlobalSection(ProjectConfigurationPlatforms) = postSolution
		{70708E0A-2E5A-4D6C-8EDA-6CE1EBCF3DEE}.Debug|Any CPU.ActiveCfg = Debug|Any CPU
		{70708E0A-2E5A-4D6C-8EDA-6CE1EBCF3DEE}.Debug|Any CPU.Build.0 = Debug|Any CPU
		{70708E0A-2E5A-4D6C-8EDA-6CE1EBCF3DEE}.Release|Any CPU.ActiveCfg = Release|Any CPU
		{70708E0A-2E5A-4D6C-8EDA-6CE1EBCF3DEE}.Release|Any CPU.Build.0 = Release|Any CPU
		{3756D29F-F5D7-45DB-B680-A5EBB9A1D1D0}.Debug|Any CPU.ActiveCfg = Debug|Any CPU
		{3756D29F-F5D7-45DB-B680-A5EBB9A1D1D0}.Debug|Any CPU.Build.0 = Debug|Any CPU
		{3756D29F-F5D7-45DB-B680-A5EBB9A1D1D0}.Release|Any CPU.ActiveCfg = Release|Any CPU
		{3756D29F-F5D7-45DB-B680-A5EBB9A1D1D0}.Release|Any CPU.Build.0 = Release|Any CPU
	EndGlobalSection
	GlobalSection(SolutionProperties) = preSolution
		HideSolutionNode = FALSE
	EndGlobalSection
	GlobalSection(ExtensibilityGlobals) = postSolution
		SolutionGuid = {6BB3B2DD-35BB-40AE-84A8-BED232E8D7FF}
	EndGlobalSection
EndGlobal
